
Microsoft Visual Studio Solution File, Format Version 12.00
# Visual Studio Version 17
VisualStudioVersion = 17.1.32228.430
MinimumVisualStudioVersion = 10.0.40219.1
Project("{9A19103F-16F7-4668-BE54-9A1E7A4F7556}") = "TheArchive.MONO", "TheArchive.MONO\TheArchive.MONO.csproj", "{907C68FA-DF5A-42B8-9762-7363B2A499E9}"
EndProject
Project("{9A19103F-16F7-4668-BE54-9A1E7A4F7556}") = "TheArchive.Core", "TheArchive.Core\TheArchive.Core.csproj", "{7BB66DC5-D29D-4CDD-BB82-D228ABE35BDA}"
EndProject
Project("{9A19103F-16F7-4668-BE54-9A1E7A4F7556}") = "TheArchive.IL2CPP", "TheArchive.IL2CPP\TheArchive.IL2CPP.csproj", "{65BB64DC-68AB-4543-B176-7BF2FA8488BF}"
EndProject
Project("{2150E333-8FDC-42A3-9474-1A3956D46DE8}") = "Solution Items", "Solution Items", "{FEB41A54-C766-4572-8882-80F543EEC3BB}"
	ProjectSection(SolutionItems) = preProject
		GlobalUsings.cs = GlobalUsings.cs
		Loader.props = Loader.props
	EndProjectSection
EndProject
Global
	GlobalSection(SolutionConfigurationPlatforms) = preSolution
		R_BIE|Any CPU = R_BIE|Any CPU
		R_ML|Any CPU = R_ML|Any CPU
	EndGlobalSection
	GlobalSection(ProjectConfigurationPlatforms) = postSolution
		{907C68FA-DF5A-42B8-9762-7363B2A499E9}.R_BIE|Any CPU.ActiveCfg = R_BIE|Any CPU
		{907C68FA-DF5A-42B8-9762-7363B2A499E9}.R_ML|Any CPU.ActiveCfg = R_ML|Any CPU
		{7BB66DC5-D29D-4CDD-BB82-D228ABE35BDA}.R_BIE|Any CPU.ActiveCfg = R_BIE|Any CPU
		{7BB66DC5-D29D-4CDD-BB82-D228ABE35BDA}.R_ML|Any CPU.ActiveCfg = R_ML|Any CPU
		{7BB66DC5-D29D-4CDD-BB82-D228ABE35BDA}.R_BIE|Any CPU.Build.0 = R_BIE|Any CPU
		{65BB64DC-68AB-4543-B176-7BF2FA8488BF}.R_BIE|Any CPU.ActiveCfg = R_BIE|Any CPU
		{65BB64DC-68AB-4543-B176-7BF2FA8488BF}.R_ML|Any CPU.ActiveCfg = R_ML|Any CPU
		{65BB64DC-68AB-4543-B176-7BF2FA8488BF}.R_BIE|Any CPU.Build.0 = R_BIE|Any CPU
	EndGlobalSection
	GlobalSection(SolutionProperties) = preSolution
		HideSolutionNode = FALSE
	EndGlobalSection
	GlobalSection(ExtensibilityGlobals) = postSolution
		SolutionGuid = {5E500EEA-0445-4978-9670-2F2C7D88FDD8}
	EndGlobalSection
EndGlobal
